
Microsoft Visual Studio Solution File, Format Version 12.00
# Visual Studio 15
VisualStudioVersion = 15.0.27130.2010
MinimumVisualStudioVersion = 10.0.40219.1
Project("{FAE04EC0-301F-11D3-BF4B-00C04F79EFBC}") = "GedcomParser", "GedcomParser\GedcomParser.csproj", "{9AD53D1A-3D91-44BC-903B-54D370E7A201}"
EndProject
Project("{FAE04EC0-301F-11D3-BF4B-00C04F79EFBC}") = "GedcomParser.Test", "GedcomParser.Test\GedcomParser.Test.csproj", "{89B09FF1-5905-4CB1-8AFD-BE90221DCADB}"
EndProject
Global
	GlobalSection(SolutionConfigurationPlatforms) = preSolution
		Debug|Any CPU = Debug|Any CPU
		Release|Any CPU = Release|Any CPU
	EndGlobalSection
	GlobalSection(ProjectConfigurationPlatforms) = postSolution
		{9AD53D1A-3D91-44BC-903B-54D370E7A201}.Debug|Any CPU.ActiveCfg = Debug|Any CPU
		{9AD53D1A-3D91-44BC-903B-54D370E7A201}.Debug|Any CPU.Build.0 = Debug|Any CPU
		{9AD53D1A-3D91-44BC-903B-54D370E7A201}.Release|Any CPU.ActiveCfg = Release|Any CPU
		{9AD53D1A-3D91-44BC-903B-54D370E7A201}.Release|Any CPU.Build.0 = Release|Any CPU
		{89B09FF1-5905-4CB1-8AFD-BE90221DCADB}.Debug|Any CPU.ActiveCfg = Debug|Any CPU
		{89B09FF1-5905-4CB1-8AFD-BE90221DCADB}.Debug|Any CPU.Build.0 = Debug|Any CPU
		{89B09FF1-5905-4CB1-8AFD-BE90221DCADB}.Release|Any CPU.ActiveCfg = Release|Any CPU
		{89B09FF1-5905-4CB1-8AFD-BE90221DCADB}.Release|Any CPU.Build.0 = Release|Any CPU
	EndGlobalSection
	GlobalSection(SolutionProperties) = preSolution
		HideSolutionNode = FALSE
	EndGlobalSection
	GlobalSection(ExtensibilityGlobals) = postSolution
		SolutionGuid = {18AB3796-E1E9-4074-A197-7838D33B0FEC}
	EndGlobalSection
EndGlobal
