
Microsoft Visual Studio Solution File, Format Version 12.00
# Visual Studio 15
VisualStudioVersion = 15.0.26730.16
MinimumVisualStudioVersion = 10.0.40219.1
Project("{9A19103F-16F7-4668-BE54-9A1E7A4F7556}") = "GedcomParser", "GedcomParser\GedcomParser.csproj", "{6A8775E3-51EF-4960-923A-42C9B6FDB1E5}"
EndProject
Project("{9A19103F-16F7-4668-BE54-9A1E7A4F7556}") = "GedcomParser.Test", "GedcomParser.Test\GedcomParser.Test.csproj", "{B68480A2-2A76-4DE5-9FCF-626AE2893365}"
EndProject
Global
	GlobalSection(SolutionConfigurationPlatforms) = preSolution
		Debug|Any CPU = Debug|Any CPU
		Release|Any CPU = Release|Any CPU
	EndGlobalSection
	GlobalSection(ProjectConfigurationPlatforms) = postSolution
		{6A8775E3-51EF-4960-923A-42C9B6FDB1E5}.Debug|Any CPU.ActiveCfg = Debug|Any CPU
		{6A8775E3-51EF-4960-923A-42C9B6FDB1E5}.Debug|Any CPU.Build.0 = Debug|Any CPU
		{6A8775E3-51EF-4960-923A-42C9B6FDB1E5}.Release|Any CPU.ActiveCfg = Release|Any CPU
		{6A8775E3-51EF-4960-923A-42C9B6FDB1E5}.Release|Any CPU.Build.0 = Release|Any CPU
		{B68480A2-2A76-4DE5-9FCF-626AE2893365}.Debug|Any CPU.ActiveCfg = Debug|Any CPU
		{B68480A2-2A76-4DE5-9FCF-626AE2893365}.Debug|Any CPU.Build.0 = Debug|Any CPU
		{B68480A2-2A76-4DE5-9FCF-626AE2893365}.Release|Any CPU.ActiveCfg = Release|Any CPU
		{B68480A2-2A76-4DE5-9FCF-626AE2893365}.Release|Any CPU.Build.0 = Release|Any CPU
	EndGlobalSection
	GlobalSection(SolutionProperties) = preSolution
		HideSolutionNode = FALSE
	EndGlobalSection
	GlobalSection(ExtensibilityGlobals) = postSolution
		SolutionGuid = {18AB3796-E1E9-4074-A197-7838D33B0FEC}
	EndGlobalSection
EndGlobal
