
Microsoft Visual Studio Solution File, Format Version 12.00
# Visual Studio 15
VisualStudioVersion = 15.0.26730.16
MinimumVisualStudioVersion = 10.0.40219.1
Project("{FAE04EC0-301F-11D3-BF4B-00C04F79EFBC}") = "Gedcom", "Gedcom\Gedcom.csproj", "{C0CEFE20-4149-45F2-8977-48803CA0A57A}"
EndProject
Project("{FAE04EC0-301F-11D3-BF4B-00C04F79EFBC}") = "Gedcom.Test", "Gedcom.Test\Gedcom.Test.csproj", "{F685A9E6-41E8-44F8-BA7B-86ECD311A49A}"
EndProject
Global
	GlobalSection(SolutionConfigurationPlatforms) = preSolution
		Debug|Any CPU = Debug|Any CPU
		Release|Any CPU = Release|Any CPU
	EndGlobalSection
	GlobalSection(ProjectConfigurationPlatforms) = postSolution
		{C0CEFE20-4149-45F2-8977-48803CA0A57A}.Debug|Any CPU.ActiveCfg = Debug|Any CPU
		{C0CEFE20-4149-45F2-8977-48803CA0A57A}.Debug|Any CPU.Build.0 = Debug|Any CPU
		{C0CEFE20-4149-45F2-8977-48803CA0A57A}.Release|Any CPU.ActiveCfg = Release|Any CPU
		{C0CEFE20-4149-45F2-8977-48803CA0A57A}.Release|Any CPU.Build.0 = Release|Any CPU
		{F685A9E6-41E8-44F8-BA7B-86ECD311A49A}.Debug|Any CPU.ActiveCfg = Debug|Any CPU
		{F685A9E6-41E8-44F8-BA7B-86ECD311A49A}.Debug|Any CPU.Build.0 = Debug|Any CPU
		{F685A9E6-41E8-44F8-BA7B-86ECD311A49A}.Release|Any CPU.ActiveCfg = Release|Any CPU
		{F685A9E6-41E8-44F8-BA7B-86ECD311A49A}.Release|Any CPU.Build.0 = Release|Any CPU
	EndGlobalSection
	GlobalSection(SolutionProperties) = preSolution
		HideSolutionNode = FALSE
	EndGlobalSection
	GlobalSection(ExtensibilityGlobals) = postSolution
		SolutionGuid = {18AB3796-E1E9-4074-A197-7838D33B0FEC}
	EndGlobalSection
EndGlobal
